
Microsoft Visual Studio Solution File, Format Version 12.00
# Visual Studio Version 16
VisualStudioVersion = 16.0.30517.126
MinimumVisualStudioVersion = 10.0.40219.1
Project("{9A19103F-16F7-4668-BE54-9A1E7A4F7556}") = "Delegate", "ConsoleApp1\Delegate.csproj", "{50E1DB55-D621-4BC5-A1C4-0F95A0073C92}"
EndProject
Project("{9A19103F-16F7-4668-BE54-9A1E7A4F7556}") = "Ques2", "Ques2\Ques2.csproj", "{CDD8A018-4B68-4A60-8E2F-93E2086F0DCB}"
EndProject
Project("{FAE04EC0-301F-11D3-BF4B-00C04F79EFBC}") = "Ques3", "Ques3\Ques3.csproj", "{4842C418-A928-4BF2-ACB7-9A5572B13838}"
EndProject
Project("{FAE04EC0-301F-11D3-BF4B-00C04F79EFBC}") = "Ques4", "Ques4\Ques4.csproj", "{5C60B833-2A7D-436E-9D52-BAC3C77E76E0}"
EndProject
Global
	GlobalSection(SolutionConfigurationPlatforms) = preSolution
		Debug|Any CPU = Debug|Any CPU
		Release|Any CPU = Release|Any CPU
	EndGlobalSection
	GlobalSection(ProjectConfigurationPlatforms) = postSolution
		{50E1DB55-D621-4BC5-A1C4-0F95A0073C92}.Debug|Any CPU.ActiveCfg = Debug|Any CPU
		{50E1DB55-D621-4BC5-A1C4-0F95A0073C92}.Debug|Any CPU.Build.0 = Debug|Any CPU
		{50E1DB55-D621-4BC5-A1C4-0F95A0073C92}.Release|Any CPU.ActiveCfg = Release|Any CPU
		{50E1DB55-D621-4BC5-A1C4-0F95A0073C92}.Release|Any CPU.Build.0 = Release|Any CPU
		{CDD8A018-4B68-4A60-8E2F-93E2086F0DCB}.Debug|Any CPU.ActiveCfg = Debug|Any CPU
		{CDD8A018-4B68-4A60-8E2F-93E2086F0DCB}.Debug|Any CPU.Build.0 = Debug|Any CPU
		{CDD8A018-4B68-4A60-8E2F-93E2086F0DCB}.Release|Any CPU.ActiveCfg = Release|Any CPU
		{CDD8A018-4B68-4A60-8E2F-93E2086F0DCB}.Release|Any CPU.Build.0 = Release|Any CPU
		{4842C418-A928-4BF2-ACB7-9A5572B13838}.Debug|Any CPU.ActiveCfg = Debug|Any CPU
		{4842C418-A928-4BF2-ACB7-9A5572B13838}.Debug|Any CPU.Build.0 = Debug|Any CPU
		{4842C418-A928-4BF2-ACB7-9A5572B13838}.Release|Any CPU.ActiveCfg = Release|Any CPU
		{4842C418-A928-4BF2-ACB7-9A5572B13838}.Release|Any CPU.Build.0 = Release|Any CPU
		{5C60B833-2A7D-436E-9D52-BAC3C77E76E0}.Debug|Any CPU.ActiveCfg = Debug|Any CPU
		{5C60B833-2A7D-436E-9D52-BAC3C77E76E0}.Debug|Any CPU.Build.0 = Debug|Any CPU
		{5C60B833-2A7D-436E-9D52-BAC3C77E76E0}.Release|Any CPU.ActiveCfg = Release|Any CPU
		{5C60B833-2A7D-436E-9D52-BAC3C77E76E0}.Release|Any CPU.Build.0 = Release|Any CPU
	EndGlobalSection
	GlobalSection(SolutionProperties) = preSolution
		HideSolutionNode = FALSE
	EndGlobalSection
	GlobalSection(ExtensibilityGlobals) = postSolution
		SolutionGuid = {4CE2C17B-4B44-4737-ABBB-E0D2F7909F24}
	EndGlobalSection
EndGlobal
